
Microsoft Visual Studio Solution File, Format Version 12.00
# Visual Studio 2013
VisualStudioVersion = 12.0.0.0
MinimumVisualStudioVersion = 10.0.0.1
Project("{FAE04EC0-301F-11D3-BF4B-00C04F79EFBC}") = "YearMonth", "YearMonth\YearMonth.csproj", "{86876037-0EF7-495F-9F04-283502DC8C0C}"
EndProject
Project("{FAE04EC0-301F-11D3-BF4B-00C04F79EFBC}") = "YearMonthTest", "YearMonthTest\YearMonthTest.csproj", "{BC872183-19B7-4FB8-9E47-394EC4CB4E2A}"
EndProject
Global
	GlobalSection(SolutionConfigurationPlatforms) = preSolution
		Debug|Any CPU = Debug|Any CPU
		Release|Any CPU = Release|Any CPU
	EndGlobalSection
	GlobalSection(ProjectConfigurationPlatforms) = postSolution
		{86876037-0EF7-495F-9F04-283502DC8C0C}.Debug|Any CPU.ActiveCfg = Debug|Any CPU
		{86876037-0EF7-495F-9F04-283502DC8C0C}.Debug|Any CPU.Build.0 = Debug|Any CPU
		{86876037-0EF7-495F-9F04-283502DC8C0C}.Release|Any CPU.ActiveCfg = Release|Any CPU
		{86876037-0EF7-495F-9F04-283502DC8C0C}.Release|Any CPU.Build.0 = Release|Any CPU
		{BC872183-19B7-4FB8-9E47-394EC4CB4E2A}.Debug|Any CPU.ActiveCfg = Debug|Any CPU
		{BC872183-19B7-4FB8-9E47-394EC4CB4E2A}.Debug|Any CPU.Build.0 = Debug|Any CPU
		{BC872183-19B7-4FB8-9E47-394EC4CB4E2A}.Release|Any CPU.ActiveCfg = Release|Any CPU
		{BC872183-19B7-4FB8-9E47-394EC4CB4E2A}.Release|Any CPU.Build.0 = Release|Any CPU
	EndGlobalSection
	GlobalSection(SolutionProperties) = preSolution
		HideSolutionNode = FALSE
	EndGlobalSection
EndGlobal
